
Microsoft Visual Studio Solution File, Format Version 12.00
# Visual Studio Version 17
VisualStudioVersion = 17.2.32616.157
MinimumVisualStudioVersion = 10.0.40219.1
Project("{9A19103F-16F7-4668-BE54-9A1E7A4F7556}") = "NoPassword", "NoPassword\NoPassword.csproj", "{35739B1D-0D95-4ABB-9676-AD5C035974FD}"
EndProject
Project("{FAE04EC0-301F-11D3-BF4B-00C04F79EFBC}") = "Interface", "Interface\Interface.csproj", "{4572B5FC-B63A-4F0D-9A29-81BB22A93842}"
EndProject
Global
	GlobalSection(SolutionConfigurationPlatforms) = preSolution
		Debug|Any CPU = Debug|Any CPU
		Release|Any CPU = Release|Any CPU
	EndGlobalSection
	GlobalSection(ProjectConfigurationPlatforms) = postSolution
		{35739B1D-0D95-4ABB-9676-AD5C035974FD}.Debug|Any CPU.ActiveCfg = Debug|Any CPU
		{35739B1D-0D95-4ABB-9676-AD5C035974FD}.Debug|Any CPU.Build.0 = Debug|Any CPU
		{35739B1D-0D95-4ABB-9676-AD5C035974FD}.Release|Any CPU.ActiveCfg = Release|Any CPU
		{35739B1D-0D95-4ABB-9676-AD5C035974FD}.Release|Any CPU.Build.0 = Release|Any CPU
		{4572B5FC-B63A-4F0D-9A29-81BB22A93842}.Debug|Any CPU.ActiveCfg = Debug|Any CPU
		{4572B5FC-B63A-4F0D-9A29-81BB22A93842}.Debug|Any CPU.Build.0 = Debug|Any CPU
		{4572B5FC-B63A-4F0D-9A29-81BB22A93842}.Release|Any CPU.ActiveCfg = Release|Any CPU
		{4572B5FC-B63A-4F0D-9A29-81BB22A93842}.Release|Any CPU.Build.0 = Release|Any CPU
	EndGlobalSection
	GlobalSection(SolutionProperties) = preSolution
		HideSolutionNode = FALSE
	EndGlobalSection
	GlobalSection(ExtensibilityGlobals) = postSolution
		SolutionGuid = {8C5E7A2F-8F5C-41DD-8625-947128A9328E}
	EndGlobalSection
EndGlobal
